{
    "_readme": [
        "This file locks the dependencies of your project to a known state",
        "Read more about it at https://getcomposer.org/doc/01-basic-usage.md#installing-dependencies",
        "This file is @generated automatically"
    ],
    "content-hash": "ae3b99f714f27c0c8873c4fd9fe7d635",
    "packages": [
        {
            "name": "firebase/php-jwt",
            "version": "1.0.0",
            "target-dir": "Firebase/PHP-JWT",
            "source": {
                "type": "git",
                "url": "https://github.com/firebase/php-jwt.git",
                "reference": "58c1e61d0dff797f2989c54415229f4016d57a6d"
            },
            "dist": {
                "type": "zip",
                "url": "https://api.github.com/repos/firebase/php-jwt/zipball/58c1e61d0dff797f2989c54415229f4016d57a6d",
                "reference": "58c1e61d0dff797f2989c54415229f4016d57a6d",
                "shasum": ""
            },
            "require": {
                "php": ">=5.2.0"
            },
            "type": "library",
            "autoload": {
                "classmap": [
                    "Authentication/"
                ]
            },
            "notification-url": "https://packagist.org/downloads/",
            "license": [
                "BSD-3-Clause"
            ],
            "authors": [
                {
                    "name": "Neuman Vong",
                    "email": "neuman+pear@twilio.com",
                    "role": "Developer"
                },
                {
                    "name": "Anant Narayanan",
                    "email": "anant@php.net",
                    "role": "Developer"
                }
            ],
            "description": "A simple library to encode and decode JSON Web Tokens (JWT) in PHP. Should conform to the current spec.",
            "homepage": "https://github.com/firebase/php-jwt",
            "support": {
                "issues": "https://github.com/firebase/php-jwt/issues",
                "source": "https://github.com/firebase/php-jwt/tree/v1.0.0"
            },
            "time": "2014-08-28T17:14:17+00:00"
        },
        {
            "name": "phroute/phroute",
            "version": "v1.4.4",
            "source": {
                "type": "git",
                "url": "https://github.com/mrjgreen/phroute.git",
                "reference": "f6326ada0abf11d329ca22a951eb932fe25df53a"
            },
            "dist": {
                "type": "zip",
                "url": "https://api.github.com/repos/mrjgreen/phroute/zipball/f6326ada0abf11d329ca22a951eb932fe25df53a",
                "reference": "f6326ada0abf11d329ca22a951eb932fe25df53a",
                "shasum": ""
            },
            "require": {
                "php": ">=5.4.0"
            },
            "require-dev": {
                "satooshi/php-coveralls": "dev-master"
            },
            "type": "library",
            "autoload": {
                "psr-0": {
                    "Phroute": "src"
                }
            },
            "notification-url": "https://packagist.org/downloads/",
            "license": [
                "BSD-3-Clause"
            ],
            "authors": [
                {
                    "name": "Nikita Popov",
                    "email": "nikic@php.net"
                },
                {
                    "name": "Joe Green",
                    "email": "joe.green.0991@gmail.com"
                }
            ],
            "description": "Fast request router for PHP",
            "keywords": [
                "router",
                "routing"
            ],
            "support": {
                "issues": "https://github.com/mrjgreen/phroute/issues",
                "source": "https://github.com/mrjgreen/phroute/tree/master"
            },
            "time": "2014-12-31T16:13:39+00:00"
        }
    ],
    "packages-dev": [],
    "aliases": [],
    "minimum-stability": "stable",
    "stability-flags": [],
    "prefer-stable": false,
    "prefer-lowest": false,
    "platform": [],
    "platform-dev": [],
    "plugin-api-version": "2.0.0"
}
